
Microsoft Visual Studio Solution File, Format Version 12.00
# Visual Studio 2012
Project("{FAE04EC0-301F-11D3-BF4B-00C04F79EFBC}") = "ExcelLib", "ExcelLib\ExcelLib.csproj", "{C7700841-61FF-420F-8081-D6CB45C7FC13}"
EndProject
Project("{FAE04EC0-301F-11D3-BF4B-00C04F79EFBC}") = "StatisticsAnalyzerCore", "StatisticsAnalyzerCore\StatisticsAnalyzerCore.csproj", "{F4CED346-05B7-4F7D-8B65-968BE4841F45}"
EndProject
Project("{FAE04EC0-301F-11D3-BF4B-00C04F79EFBC}") = "REngine", "REngine\REngine.csproj", "{B36F4A8D-5C48-48DB-8B8C-6DDAE5E3D3AB}"
EndProject
Project("{FAE04EC0-301F-11D3-BF4B-00C04F79EFBC}") = "AzureCore", "AzureCore\AzureCore.csproj", "{791ABECA-3414-4EEF-BB02-B375D4138C91}"
EndProject
Project("{FAE04EC0-301F-11D3-BF4B-00C04F79EFBC}") = "WebR", "WebR\WebR.csproj", "{C9A9D247-4BAC-4F97-902B-0B547D62635B}"
EndProject
Project("{FAE04EC0-301F-11D3-BF4B-00C04F79EFBC}") = "WebApp", "WebApp\WebApp.csproj", "{451971B9-42C4-41D2-9376-6FF3C5EE6847}"
EndProject
Project("{FAE04EC0-301F-11D3-BF4B-00C04F79EFBC}") = "ServicesLib", "ServicesLib\ServicesLib.csproj", "{B1690CD1-08B8-4089-B39A-9996D514F250}"
EndProject
Project("{FAE04EC0-301F-11D3-BF4B-00C04F79EFBC}") = "DesktopApp", "DesktopApp\DesktopApp.csproj", "{D1F842FF-9AB6-4A0F-97C9-C8CC1C0EDC02}"
EndProject
Global
	GlobalSection(SolutionConfigurationPlatforms) = preSolution
		Debug|Any CPU = Debug|Any CPU
		Release|Any CPU = Release|Any CPU
	EndGlobalSection
	GlobalSection(ProjectConfigurationPlatforms) = postSolution
		{C7700841-61FF-420F-8081-D6CB45C7FC13}.Debug|Any CPU.ActiveCfg = Debug|Any CPU
		{C7700841-61FF-420F-8081-D6CB45C7FC13}.Debug|Any CPU.Build.0 = Debug|Any CPU
		{C7700841-61FF-420F-8081-D6CB45C7FC13}.Release|Any CPU.ActiveCfg = Release|Any CPU
		{C7700841-61FF-420F-8081-D6CB45C7FC13}.Release|Any CPU.Build.0 = Release|Any CPU
		{F4CED346-05B7-4F7D-8B65-968BE4841F45}.Debug|Any CPU.ActiveCfg = Debug|Any CPU
		{F4CED346-05B7-4F7D-8B65-968BE4841F45}.Debug|Any CPU.Build.0 = Debug|Any CPU
		{F4CED346-05B7-4F7D-8B65-968BE4841F45}.Release|Any CPU.ActiveCfg = Release|Any CPU
		{F4CED346-05B7-4F7D-8B65-968BE4841F45}.Release|Any CPU.Build.0 = Release|Any CPU
		{B36F4A8D-5C48-48DB-8B8C-6DDAE5E3D3AB}.Debug|Any CPU.ActiveCfg = Debug|Any CPU
		{B36F4A8D-5C48-48DB-8B8C-6DDAE5E3D3AB}.Debug|Any CPU.Build.0 = Debug|Any CPU
		{B36F4A8D-5C48-48DB-8B8C-6DDAE5E3D3AB}.Release|Any CPU.ActiveCfg = Release|Any CPU
		{B36F4A8D-5C48-48DB-8B8C-6DDAE5E3D3AB}.Release|Any CPU.Build.0 = Release|Any CPU
		{791ABECA-3414-4EEF-BB02-B375D4138C91}.Debug|Any CPU.ActiveCfg = Debug|Any CPU
		{791ABECA-3414-4EEF-BB02-B375D4138C91}.Debug|Any CPU.Build.0 = Debug|Any CPU
		{791ABECA-3414-4EEF-BB02-B375D4138C91}.Release|Any CPU.ActiveCfg = Release|Any CPU
		{791ABECA-3414-4EEF-BB02-B375D4138C91}.Release|Any CPU.Build.0 = Release|Any CPU
		{C9A9D247-4BAC-4F97-902B-0B547D62635B}.Debug|Any CPU.ActiveCfg = Debug|Any CPU
		{C9A9D247-4BAC-4F97-902B-0B547D62635B}.Debug|Any CPU.Build.0 = Debug|Any CPU
		{C9A9D247-4BAC-4F97-902B-0B547D62635B}.Release|Any CPU.ActiveCfg = Release|Any CPU
		{C9A9D247-4BAC-4F97-902B-0B547D62635B}.Release|Any CPU.Build.0 = Release|Any CPU
		{451971B9-42C4-41D2-9376-6FF3C5EE6847}.Debug|Any CPU.ActiveCfg = Debug|Any CPU
		{451971B9-42C4-41D2-9376-6FF3C5EE6847}.Debug|Any CPU.Build.0 = Debug|Any CPU
		{451971B9-42C4-41D2-9376-6FF3C5EE6847}.Release|Any CPU.ActiveCfg = Release|Any CPU
		{451971B9-42C4-41D2-9376-6FF3C5EE6847}.Release|Any CPU.Build.0 = Release|Any CPU
		{B1690CD1-08B8-4089-B39A-9996D514F250}.Debug|Any CPU.ActiveCfg = Debug|Any CPU
		{B1690CD1-08B8-4089-B39A-9996D514F250}.Debug|Any CPU.Build.0 = Debug|Any CPU
		{B1690CD1-08B8-4089-B39A-9996D514F250}.Release|Any CPU.ActiveCfg = Release|Any CPU
		{B1690CD1-08B8-4089-B39A-9996D514F250}.Release|Any CPU.Build.0 = Release|Any CPU
		{D1F842FF-9AB6-4A0F-97C9-C8CC1C0EDC02}.Debug|Any CPU.ActiveCfg = Debug|Any CPU
		{D1F842FF-9AB6-4A0F-97C9-C8CC1C0EDC02}.Debug|Any CPU.Build.0 = Debug|Any CPU
		{D1F842FF-9AB6-4A0F-97C9-C8CC1C0EDC02}.Release|Any CPU.ActiveCfg = Release|Any CPU
		{D1F842FF-9AB6-4A0F-97C9-C8CC1C0EDC02}.Release|Any CPU.Build.0 = Release|Any CPU
	EndGlobalSection
	GlobalSection(SolutionProperties) = preSolution
		HideSolutionNode = FALSE
	EndGlobalSection
EndGlobal
